// !$*UTF8*$!
{
	archiveVersion = 1;
	classes = {
	};
	objectVersion = 55;
	objects = {

/* Begin PBXBuildFile section */
		458263D2284408FE0074A9D8 /* AppDelegate.swift in Sources */ = {isa = PBXBuildFile; fileRef = 458263D1284408FE0074A9D8 /* AppDelegate.swift */; };
		458263D4284408FE0074A9D8 /* SceneDelegate.swift in Sources */ = {isa = PBXBuildFile; fileRef = 458263D3284408FE0074A9D8 /* SceneDelegate.swift */; };
		458263D9284408FE0074A9D8 /* Main.storyboard in Resources */ = {isa = PBXBuildFile; fileRef = 458263D7284408FE0074A9D8 /* Main.storyboard */; };
		458263DB284409000074A9D8 /* Assets.xcassets in Resources */ = {isa = PBXBuildFile; fileRef = 458263DA284409000074A9D8 /* Assets.xcassets */; };
		458263DE284409000074A9D8 /* LaunchScreen.storyboard in Resources */ = {isa = PBXBuildFile; fileRef = 458263DC284409000074A9D8 /* LaunchScreen.storyboard */; };
		458263E8284409370074A9D8 /* ChatBotModels.swift in Sources */ = {isa = PBXBuildFile; fileRef = 458263E7284409370074A9D8 /* ChatBotModels.swift */; };
		458263EB28440AA00074A9D8 /* ChatBotAPI.swift in Sources */ = {isa = PBXBuildFile; fileRef = 458263EA28440AA00074A9D8 /* ChatBotAPI.swift */; };
		458263ED2844113F0074A9D8 /* ChatViewController.swift in Sources */ = {isa = PBXBuildFile; fileRef = 458263EC2844113F0074A9D8 /* ChatViewController.swift */; };
		458263EF284419F20074A9D8 /* UIImageView+Networking.swift in Sources */ = {isa = PBXBuildFile; fileRef = 458263EE284419F20074A9D8 /* UIImageView+Networking.swift */; };
		458263F12844233A0074A9D8 /* ChatBotUIModels.swift in Sources */ = {isa = PBXBuildFile; fileRef = 458263F02844233A0074A9D8 /* ChatBotUIModels.swift */; };
		458263F32844248D0074A9D8 /* ChatController.swift in Sources */ = {isa = PBXBuildFile; fileRef = 458263F22844248D0074A9D8 /* ChatController.swift */; };
		458263F628442ADB0074A9D8 /* Cells.swift in Sources */ = {isa = PBXBuildFile; fileRef = 458263F528442ADB0074A9D8 /* Cells.swift */; };
		458263F9284516E30074A9D8 /* ChatMessageComposeView.swift in Sources */ = {isa = PBXBuildFile; fileRef = 458263F8284516E30074A9D8 /* ChatMessageComposeView.swift */; };
		5109A9E23D15001F83D6630C /* Pods_AktivoChatBot.framework in Frameworks */ = {isa = PBXBuildFile; fileRef = 5A9EE527CCF1BD61454AC5E5 /* Pods_AktivoChatBot.framework */; };
/* End PBXBuildFile section */

/* Begin PBXFileReference section */
		1001CEAE384EC2B6EBF1056B /* Pods-AktivoChatBot.debug.xcconfig */ = {isa = PBXFileReference; includeInIndex = 1; lastKnownFileType = text.xcconfig; name = "Pods-AktivoChatBot.debug.xcconfig"; path = "Target Support Files/Pods-AktivoChatBot/Pods-AktivoChatBot.debug.xcconfig"; sourceTree = "<group>"; };
		458263CE284408FE0074A9D8 /* AktivoChatBot.app */ = {isa = PBXFileReference; explicitFileType = wrapper.application; includeInIndex = 0; path = AktivoChatBot.app; sourceTree = BUILT_PRODUCTS_DIR; };
		458263D1284408FE0074A9D8 /* AppDelegate.swift */ = {isa = PBXFileReference; lastKnownFileType = sourcecode.swift; path = AppDelegate.swift; sourceTree = "<group>"; };
		458263D3284408FE0074A9D8 /* SceneDelegate.swift */ = {isa = PBXFileReference; lastKnownFileType = sourcecode.swift; path = SceneDelegate.swift; sourceTree = "<group>"; };
		458263D8284408FE0074A9D8 /* Base */ = {isa = PBXFileReference; lastKnownFileType = file.storyboard; name = Base; path = Base.lproj/Main.storyboard; sourceTree = "<group>"; };
		458263DA284409000074A9D8 /* Assets.xcassets */ = {isa = PBXFileReference; lastKnownFileType = folder.assetcatalog; path = Assets.xcassets; sourceTree = "<group>"; };
		458263DD284409000074A9D8 /* Base */ = {isa = PBXFileReference; lastKnownFileType = file.storyboard; name = Base; path = Base.lproj/LaunchScreen.storyboard; sourceTree = "<group>"; };
		458263DF284409000074A9D8 /* Info.plist */ = {isa = PBXFileReference; lastKnownFileType = text.plist.xml; path = Info.plist; sourceTree = "<group>"; };
		458263E7284409370074A9D8 /* ChatBotModels.swift */ = {isa = PBXFileReference; lastKnownFileType = sourcecode.swift; path = ChatBotModels.swift; sourceTree = "<group>"; };
		458263EA28440AA00074A9D8 /* ChatBotAPI.swift */ = {isa = PBXFileReference; lastKnownFileType = sourcecode.swift; path = ChatBotAPI.swift; sourceTree = "<group>"; };
		458263EC2844113F0074A9D8 /* ChatViewController.swift */ = {isa = PBXFileReference; lastKnownFileType = sourcecode.swift; path = ChatViewController.swift; sourceTree = "<group>"; };
		458263EE284419F20074A9D8 /* UIImageView+Networking.swift */ = {isa = PBXFileReference; lastKnownFileType = sourcecode.swift; path = "UIImageView+Networking.swift"; sourceTree = "<group>"; };
		458263F02844233A0074A9D8 /* ChatBotUIModels.swift */ = {isa = PBXFileReference; lastKnownFileType = sourcecode.swift; path = ChatBotUIModels.swift; sourceTree = "<group>"; };
		458263F22844248D0074A9D8 /* ChatController.swift */ = {isa = PBXFileReference; lastKnownFileType = sourcecode.swift; path = ChatController.swift; sourceTree = "<group>"; };
		458263F528442ADB0074A9D8 /* Cells.swift */ = {isa = PBXFileReference; lastKnownFileType = sourcecode.swift; path = Cells.swift; sourceTree = "<group>"; };
		458263F8284516E30074A9D8 /* ChatMessageComposeView.swift */ = {isa = PBXFileReference; lastKnownFileType = sourcecode.swift; path = ChatMessageComposeView.swift; sourceTree = "<group>"; };
		59C0D45A76CA20354013209A /* Pods-AktivoChatBot.release.xcconfig */ = {isa = PBXFileReference; includeInIndex = 1; lastKnownFileType = text.xcconfig; name = "Pods-AktivoChatBot.release.xcconfig"; path = "Target Support Files/Pods-AktivoChatBot/Pods-AktivoChatBot.release.xcconfig"; sourceTree = "<group>"; };
		5A9EE527CCF1BD61454AC5E5 /* Pods_AktivoChatBot.framework */ = {isa = PBXFileReference; explicitFileType = wrapper.framework; includeInIndex = 0; path = Pods_AktivoChatBot.framework; sourceTree = BUILT_PRODUCTS_DIR; };
/* End PBXFileReference section */

/* Begin PBXFrameworksBuildPhase section */
		458263CB284408FE0074A9D8 /* Frameworks */ = {
			isa = PBXFrameworksBuildPhase;
			buildActionMask = 2147483647;
			files = (
				5109A9E23D15001F83D6630C /* Pods_AktivoChatBot.framework in Frameworks */,
			);
			runOnlyForDeploymentPostprocessing = 0;
		};
/* End PBXFrameworksBuildPhase section */

/* Begin PBXGroup section */
		3BF144E86D0805B149BE166F /* Frameworks */ = {
			isa = PBXGroup;
			children = (
				5A9EE527CCF1BD61454AC5E5 /* Pods_AktivoChatBot.framework */,
			);
			name = Frameworks;
			sourceTree = "<group>";
		};
		458263C5284408FE0074A9D8 = {
			isa = PBXGroup;
			children = (
				458263D0284408FE0074A9D8 /* AktivoChatBot */,
				458263CF284408FE0074A9D8 /* Products */,
				BF2A31BD4905E05DA78D7DB0 /* Pods */,
				3BF144E86D0805B149BE166F /* Frameworks */,
			);
			sourceTree = "<group>";
		};
		458263CF284408FE0074A9D8 /* Products */ = {
			isa = PBXGroup;
			children = (
				458263CE284408FE0074A9D8 /* AktivoChatBot.app */,
			);
			name = Products;
			sourceTree = "<group>";
		};
		458263D0284408FE0074A9D8 /* AktivoChatBot */ = {
			isa = PBXGroup;
			children = (
				458263F7284516C50074A9D8 /* Views */,
				458263E928440A720074A9D8 /* Networking */,
				458263E52844091E0074A9D8 /* ChatViewController */,
				458263D1284408FE0074A9D8 /* AppDelegate.swift */,
				458263D3284408FE0074A9D8 /* SceneDelegate.swift */,
				458263D7284408FE0074A9D8 /* Main.storyboard */,
				458263DA284409000074A9D8 /* Assets.xcassets */,
				458263DC284409000074A9D8 /* LaunchScreen.storyboard */,
				458263DF284409000074A9D8 /* Info.plist */,
			);
			path = AktivoChatBot;
			sourceTree = "<group>";
		};
		458263E52844091E0074A9D8 /* ChatViewController */ = {
			isa = PBXGroup;
			children = (
				458263F428442AAF0074A9D8 /* ChatCells */,
				458263E6284409260074A9D8 /* Models */,
				458263EC2844113F0074A9D8 /* ChatViewController.swift */,
				458263F22844248D0074A9D8 /* ChatController.swift */,
			);
			path = ChatViewController;
			sourceTree = "<group>";
		};
		458263E6284409260074A9D8 /* Models */ = {
			isa = PBXGroup;
			children = (
				458263E7284409370074A9D8 /* ChatBotModels.swift */,
				458263F02844233A0074A9D8 /* ChatBotUIModels.swift */,
			);
			path = Models;
			sourceTree = "<group>";
		};
		458263E928440A720074A9D8 /* Networking */ = {
			isa = PBXGroup;
			children = (
				458263EA28440AA00074A9D8 /* ChatBotAPI.swift */,
				458263EE284419F20074A9D8 /* UIImageView+Networking.swift */,
			);
			path = Networking;
			sourceTree = "<group>";
		};
		458263F428442AAF0074A9D8 /* ChatCells */ = {
			isa = PBXGroup;
			children = (
				458263F528442ADB0074A9D8 /* Cells.swift */,
			);
			path = ChatCells;
			sourceTree = "<group>";
		};
		458263F7284516C50074A9D8 /* Views */ = {
			isa = PBXGroup;
			children = (
				458263F8284516E30074A9D8 /* ChatMessageComposeView.swift */,
			);
			path = Views;
			sourceTree = "<group>";
		};
		BF2A31BD4905E05DA78D7DB0 /* Pods */ = {
			isa = PBXGroup;
			children = (
				1001CEAE384EC2B6EBF1056B /* Pods-AktivoChatBot.debug.xcconfig */,
				59C0D45A76CA20354013209A /* Pods-AktivoChatBot.release.xcconfig */,
			);
			path = Pods;
			sourceTree = "<group>";
		};
/* End PBXGroup section */

/* Begin PBXNativeTarget section */
		458263CD284408FE0074A9D8 /* AktivoChatBot */ = {
			isa = PBXNativeTarget;
			buildConfigurationList = 458263E2284409000074A9D8 /* Build configuration list for PBXNativeTarget "AktivoChatBot" */;
			buildPhases = (
				DEABCD98ED06D75A91373C8C /* [CP] Check Pods Manifest.lock */,
				458263CA284408FE0074A9D8 /* Sources */,
				458263CB284408FE0074A9D8 /* Frameworks */,
				458263CC284408FE0074A9D8 /* Resources */,
				EBA56DD09D716E918A385299 /* [CP] Embed Pods Frameworks */,
			);
			buildRules = (
			);
			dependencies = (
			);
			name = AktivoChatBot;
			productName = AktivoChatBot;
			productReference = 458263CE284408FE0074A9D8 /* AktivoChatBot.app */;
			productType = "com.apple.product-type.application";
		};
/* End PBXNativeTarget section */

/* Begin PBXProject section */
		458263C6284408FE0074A9D8 /* Project object */ = {
			isa = PBXProject;
			attributes = {
				BuildIndependentTargetsInParallel = 1;
				LastSwiftUpdateCheck = 1320;
				LastUpgradeCheck = 1320;
				TargetAttributes = {
					458263CD284408FE0074A9D8 = {
						CreatedOnToolsVersion = 13.2.1;
					};
				};
			};
			buildConfigurationList = 458263C9284408FE0074A9D8 /* Build configuration list for PBXProject "AktivoChatBot" */;
			compatibilityVersion = "Xcode 13.0";
			developmentRegion = en;
			hasScannedForEncodings = 0;
			knownRegions = (
				en,
				Base,
			);
			mainGroup = 458263C5284408FE0074A9D8;
			productRefGroup = 458263CF284408FE0074A9D8 /* Products */;
			projectDirPath = "";
			projectRoot = "";
			targets = (
				458263CD284408FE0074A9D8 /* AktivoChatBot */,
			);
		};
/* End PBXProject section */

/* Begin PBXResourcesBuildPhase section */
		458263CC284408FE0074A9D8 /* Resources */ = {
			isa = PBXResourcesBuildPhase;
			buildActionMask = 2147483647;
			files = (
				458263DE284409000074A9D8 /* LaunchScreen.storyboard in Resources */,
				458263DB284409000074A9D8 /* Assets.xcassets in Resources */,
				458263D9284408FE0074A9D8 /* Main.storyboard in Resources */,
			);
			runOnlyForDeploymentPostprocessing = 0;
		};
/* End PBXResourcesBuildPhase section */

/* Begin PBXShellScriptBuildPhase section */
		DEABCD98ED06D75A91373C8C /* [CP] Check Pods Manifest.lock */ = {
			isa = PBXShellScriptBuildPhase;
			buildActionMask = 2147483647;
			files = (
			);
			inputFileListPaths = (
			);
			inputPaths = (
				"${PODS_PODFILE_DIR_PATH}/Podfile.lock",
				"${PODS_ROOT}/Manifest.lock",
			);
			name = "[CP] Check Pods Manifest.lock";
			outputFileListPaths = (
			);
			outputPaths = (
				"$(DERIVED_FILE_DIR)/Pods-AktivoChatBot-checkManifestLockResult.txt",
			);
			runOnlyForDeploymentPostprocessing = 0;
			shellPath = /bin/sh;
			shellScript = "diff \"${PODS_PODFILE_DIR_PATH}/Podfile.lock\" \"${PODS_ROOT}/Manifest.lock\" > /dev/null\nif [ $? != 0 ] ; then\n    # print error to STDERR\n    echo \"error: The sandbox is not in sync with the Podfile.lock. Run 'pod install' or update your CocoaPods installation.\" >&2\n    exit 1\nfi\n# This output is used by Xcode 'outputs' to avoid re-running this script phase.\necho \"SUCCESS\" > \"${SCRIPT_OUTPUT_FILE_0}\"\n";
			showEnvVarsInLog = 0;
		};
		EBA56DD09D716E918A385299 /* [CP] Embed Pods Frameworks */ = {
			isa = PBXShellScriptBuildPhase;
			buildActionMask = 2147483647;
			files = (
			);
			inputFileListPaths = (
				"${PODS_ROOT}/Target Support Files/Pods-AktivoChatBot/Pods-AktivoChatBot-frameworks-${CONFIGURATION}-input-files.xcfilelist",
			);
			name = "[CP] Embed Pods Frameworks";
			outputFileListPaths = (
				"${PODS_ROOT}/Target Support Files/Pods-AktivoChatBot/Pods-AktivoChatBot-frameworks-${CONFIGURATION}-output-files.xcfilelist",
			);
			runOnlyForDeploymentPostprocessing = 0;
			shellPath = /bin/sh;
			shellScript = "\"${PODS_ROOT}/Target Support Files/Pods-AktivoChatBot/Pods-AktivoChatBot-frameworks.sh\"\n";
			showEnvVarsInLog = 0;
		};
/* End PBXShellScriptBuildPhase section */

/* Begin PBXSourcesBuildPhase section */
		458263CA284408FE0074A9D8 /* Sources */ = {
			isa = PBXSourcesBuildPhase;
			buildActionMask = 2147483647;
			files = (
				458263ED2844113F0074A9D8 /* ChatViewController.swift in Sources */,
				458263EB28440AA00074A9D8 /* ChatBotAPI.swift in Sources */,
				458263D2284408FE0074A9D8 /* AppDelegate.swift in Sources */,
				458263D4284408FE0074A9D8 /* SceneDelegate.swift in Sources */,
				458263E8284409370074A9D8 /* ChatBotModels.swift in Sources */,
				458263EF284419F20074A9D8 /* UIImageView+Networking.swift in Sources */,
				458263F12844233A0074A9D8 /* ChatBotUIModels.swift in Sources */,
				458263F32844248D0074A9D8 /* ChatController.swift in Sources */,
				458263F628442ADB0074A9D8 /* Cells.swift in Sources */,
				458263F9284516E30074A9D8 /* ChatMessageComposeView.swift in Sources */,
			);
			runOnlyForDeploymentPostprocessing = 0;
		};
/* End PBXSourcesBuildPhase section */

/* Begin PBXVariantGroup section */
		458263D7284408FE0074A9D8 /* Main.storyboard */ = {
			isa = PBXVariantGroup;
			children = (
				458263D8284408FE0074A9D8 /* Base */,
			);
			name = Main.storyboard;
			sourceTree = "<group>";
		};
		458263DC284409000074A9D8 /* LaunchScreen.storyboard */ = {
			isa = PBXVariantGroup;
			children = (
				458263DD284409000074A9D8 /* Base */,
			);
			name = LaunchScreen.storyboard;
			sourceTree = "<group>";
		};
/* End PBXVariantGroup section */

/* Begin XCBuildConfiguration section */
		458263E0284409000074A9D8 /* Debug */ = {
			isa = XCBuildConfiguration;
			buildSettings = {
				ALWAYS_SEARCH_USER_PATHS = NO;
				CLANG_ANALYZER_NONNULL = YES;
				CLANG_ANALYZER_NUMBER_OBJECT_CONVERSION = YES_AGGRESSIVE;
				CLANG_CXX_LANGUAGE_STANDARD = "gnu++17";
				CLANG_CXX_LIBRARY = "libc++";
				CLANG_ENABLE_MODULES = YES;
				CLANG_ENABLE_OBJC_ARC = YES;
				CLANG_ENABLE_OBJC_WEAK = YES;
				CLANG_WARN_BLOCK_CAPTURE_AUTORELEASING = YES;
				CLANG_WARN_BOOL_CONVERSION = YES;
				CLANG_WARN_COMMA = YES;
				CLANG_WARN_CONSTANT_CONVERSION = YES;
				CLANG_WARN_DEPRECATED_OBJC_IMPLEMENTATIONS = YES;
				CLANG_WARN_DIRECT_OBJC_ISA_USAGE = YES_ERROR;
				CLANG_WARN_DOCUMENTATION_COMMENTS = YES;
				CLANG_WARN_EMPTY_BODY = YES;
				CLANG_WARN_ENUM_CONVERSION = YES;
				CLANG_WARN_INFINITE_RECURSION = YES;
				CLANG_WARN_INT_CONVERSION = YES;
				CLANG_WARN_NON_LITERAL_NULL_CONVERSION = YES;
				CLANG_WARN_OBJC_IMPLICIT_RETAIN_SELF = YES;
				CLANG_WARN_OBJC_LITERAL_CONVERSION = YES;
				CLANG_WARN_OBJC_ROOT_CLASS = YES_ERROR;
				CLANG_WARN_QUOTED_INCLUDE_IN_FRAMEWORK_HEADER = YES;
				CLANG_WARN_RANGE_LOOP_ANALYSIS = YES;
				CLANG_WARN_STRICT_PROTOTYPES = YES;
				CLANG_WARN_SUSPICIOUS_MOVE = YES;
				CLANG_WARN_UNGUARDED_AVAILABILITY = YES_AGGRESSIVE;
				CLANG_WARN_UNREACHABLE_CODE = YES;
				CLANG_WARN__DUPLICATE_METHOD_MATCH = YES;
				COPY_PHASE_STRIP = NO;
				DEBUG_INFORMATION_FORMAT = dwarf;
				ENABLE_STRICT_OBJC_MSGSEND = YES;
				ENABLE_TESTABILITY = YES;
				GCC_C_LANGUAGE_STANDARD = gnu11;
				GCC_DYNAMIC_NO_PIC = NO;
				GCC_NO_COMMON_BLOCKS = YES;
				GCC_OPTIMIZATION_LEVEL = 0;
				GCC_PREPROCESSOR_DEFINITIONS = (
					"DEBUG=1",
					"$(inherited)",
				);
				GCC_WARN_64_TO_32_BIT_CONVERSION = YES;
				GCC_WARN_ABOUT_RETURN_TYPE = YES_ERROR;
				GCC_WARN_UNDECLARED_SELECTOR = YES;
				GCC_WARN_UNINITIALIZED_AUTOS = YES_AGGRESSIVE;
				GCC_WARN_UNUSED_FUNCTION = YES;
				GCC_WARN_UNUSED_VARIABLE = YES;
				IPHONEOS_DEPLOYMENT_TARGET = 15.2;
				MTL_ENABLE_DEBUG_INFO = INCLUDE_SOURCE;
				MTL_FAST_MATH = YES;
				ONLY_ACTIVE_ARCH = YES;
				SDKROOT = iphoneos;
				SWIFT_ACTIVE_COMPILATION_CONDITIONS = DEBUG;
				SWIFT_OPTIMIZATION_LEVEL = "-Onone";
			};
			name = Debug;
		};
		458263E1284409000074A9D8 /* Release */ = {
			isa = XCBuildConfiguration;
			buildSettings = {
				ALWAYS_SEARCH_USER_PATHS = NO;
				CLANG_ANALYZER_NONNULL = YES;
				CLANG_ANALYZER_NUMBER_OBJECT_CONVERSION = YES_AGGRESSIVE;
				CLANG_CXX_LANGUAGE_STANDARD = "gnu++17";
				CLANG_CXX_LIBRARY = "libc++";
				CLANG_ENABLE_MODULES = YES;
				CLANG_ENABLE_OBJC_ARC = YES;
				CLANG_ENABLE_OBJC_WEAK = YES;
				CLANG_WARN_BLOCK_CAPTURE_AUTORELEASING = YES;
				CLANG_WARN_BOOL_CONVERSION = YES;
				CLANG_WARN_COMMA = YES;
				CLANG_WARN_CONSTANT_CONVERSION = YES;
				CLANG_WARN_DEPRECATED_OBJC_IMPLEMENTATIONS = YES;
				CLANG_WARN_DIRECT_OBJC_ISA_USAGE = YES_ERROR;
				CLANG_WARN_DOCUMENTATION_COMMENTS = YES;
				CLANG_WARN_EMPTY_BODY = YES;
				CLANG_WARN_ENUM_CONVERSION = YES;
				CLANG_WARN_INFINITE_RECURSION = YES;
				CLANG_WARN_INT_CONVERSION = YES;
				CLANG_WARN_NON_LITERAL_NULL_CONVERSION = YES;
				CLANG_WARN_OBJC_IMPLICIT_RETAIN_SELF = YES;
				CLANG_WARN_OBJC_LITERAL_CONVERSION = YES;
				CLANG_WARN_OBJC_ROOT_CLASS = YES_ERROR;
				CLANG_WARN_QUOTED_INCLUDE_IN_FRAMEWORK_HEADER = YES;
				CLANG_WARN_RANGE_LOOP_ANALYSIS = YES;
				CLANG_WARN_STRICT_PROTOTYPES = YES;
				CLANG_WARN_SUSPICIOUS_MOVE = YES;
				CLANG_WARN_UNGUARDED_AVAILABILITY = YES_AGGRESSIVE;
				CLANG_WARN_UNREACHABLE_CODE = YES;
				CLANG_WARN__DUPLICATE_METHOD_MATCH = YES;
				COPY_PHASE_STRIP = NO;
				DEBUG_INFORMATION_FORMAT = "dwarf-with-dsym";
				ENABLE_NS_ASSERTIONS = NO;
				ENABLE_STRICT_OBJC_MSGSEND = YES;
				GCC_C_LANGUAGE_STANDARD = gnu11;
				GCC_NO_COMMON_BLOCKS = YES;
				GCC_WARN_64_TO_32_BIT_CONVERSION = YES;
				GCC_WARN_ABOUT_RETURN_TYPE = YES_ERROR;
				GCC_WARN_UNDECLARED_SELECTOR = YES;
				GCC_WARN_UNINITIALIZED_AUTOS = YES_AGGRESSIVE;
				GCC_WARN_UNUSED_FUNCTION = YES;
				GCC_WARN_UNUSED_VARIABLE = YES;
				IPHONEOS_DEPLOYMENT_TARGET = 15.2;
				MTL_ENABLE_DEBUG_INFO = NO;
				MTL_FAST_MATH = YES;
				SDKROOT = iphoneos;
				SWIFT_COMPILATION_MODE = wholemodule;
				SWIFT_OPTIMIZATION_LEVEL = "-O";
				VALIDATE_PRODUCT = YES;
			};
			name = Release;
		};
		458263E3284409000074A9D8 /* Debug */ = {
			isa = XCBuildConfiguration;
			baseConfigurationReference = 1001CEAE384EC2B6EBF1056B /* Pods-AktivoChatBot.debug.xcconfig */;
			buildSettings = {
				ASSETCATALOG_COMPILER_APPICON_NAME = AppIcon;
				ASSETCATALOG_COMPILER_GLOBAL_ACCENT_COLOR_NAME = AccentColor;
				CODE_SIGN_STYLE = Automatic;
				CURRENT_PROJECT_VERSION = 1;
				DEVELOPMENT_TEAM = BPPHSJMVAX;
				GENERATE_INFOPLIST_FILE = YES;
				INFOPLIST_FILE = AktivoChatBot/Info.plist;
				INFOPLIST_KEY_UIApplicationSupportsIndirectInputEvents = YES;
				INFOPLIST_KEY_UILaunchStoryboardName = LaunchScreen;
				INFOPLIST_KEY_UIMainStoryboardFile = Main;
				INFOPLIST_KEY_UISupportedInterfaceOrientations_iPad = "UIInterfaceOrientationPortrait UIInterfaceOrientationPortraitUpsideDown UIInterfaceOrientationLandscapeLeft UIInterfaceOrientationLandscapeRight";
				INFOPLIST_KEY_UISupportedInterfaceOrientations_iPhone = "UIInterfaceOrientationPortrait UIInterfaceOrientationLandscapeLeft UIInterfaceOrientationLandscapeRight";
				LD_RUNPATH_SEARCH_PATHS = (
					"$(inherited)",
					"@executable_path/Frameworks",
				);
				MARKETING_VERSION = 1.0;
				PRODUCT_BUNDLE_IDENTIFIER = com.aktivolabs.AktivoChatBot.AktivoChatBot;
				PRODUCT_NAME = "$(TARGET_NAME)";
				SWIFT_EMIT_LOC_STRINGS = YES;
				SWIFT_VERSION = 5.0;
				TARGETED_DEVICE_FAMILY = "1,2";
			};
			name = Debug;
		};
		458263E4284409000074A9D8 /* Release */ = {
			isa = XCBuildConfiguration;
			baseConfigurationReference = 59C0D45A76CA20354013209A /* Pods-AktivoChatBot.release.xcconfig */;
			buildSettings = {
				ASSETCATALOG_COMPILER_APPICON_NAME = AppIcon;
				ASSETCATALOG_COMPILER_GLOBAL_ACCENT_COLOR_NAME = AccentColor;
				CODE_SIGN_STYLE = Automatic;
				CURRENT_PROJECT_VERSION = 1;
				DEVELOPMENT_TEAM = BPPHSJMVAX;
				GENERATE_INFOPLIST_FILE = YES;
				INFOPLIST_FILE = AktivoChatBot/Info.plist;
				INFOPLIST_KEY_UIApplicationSupportsIndirectInputEvents = YES;
				INFOPLIST_KEY_UILaunchStoryboardName = LaunchScreen;
				INFOPLIST_KEY_UIMainStoryboardFile = Main;
				INFOPLIST_KEY_UISupportedInterfaceOrientations_iPad = "UIInterfaceOrientationPortrait UIInterfaceOrientationPortraitUpsideDown UIInterfaceOrientationLandscapeLeft UIInterfaceOrientationLandscapeRight";
				INFOPLIST_KEY_UISupportedInterfaceOrientations_iPhone = "UIInterfaceOrientationPortrait UIInterfaceOrientationLandscapeLeft UIInterfaceOrientationLandscapeRight";
				LD_RUNPATH_SEARCH_PATHS = (
					"$(inherited)",
					"@executable_path/Frameworks",
				);
				MARKETING_VERSION = 1.0;
				PRODUCT_BUNDLE_IDENTIFIER = com.aktivolabs.AktivoChatBot.AktivoChatBot;
				PRODUCT_NAME = "$(TARGET_NAME)";
				SWIFT_EMIT_LOC_STRINGS = YES;
				SWIFT_VERSION = 5.0;
				TARGETED_DEVICE_FAMILY = "1,2";
			};
			name = Release;
		};
/* End XCBuildConfiguration section */

/* Begin XCConfigurationList section */
		458263C9284408FE0074A9D8 /* Build configuration list for PBXProject "AktivoChatBot" */ = {
			isa = XCConfigurationList;
			buildConfigurations = (
				458263E0284409000074A9D8 /* Debug */,
				458263E1284409000074A9D8 /* Release */,
			);
			defaultConfigurationIsVisible = 0;
			defaultConfigurationName = Release;
		};
		458263E2284409000074A9D8 /* Build configuration list for PBXNativeTarget "AktivoChatBot" */ = {
			isa = XCConfigurationList;
			buildConfigurations = (
				458263E3284409000074A9D8 /* Debug */,
				458263E4284409000074A9D8 /* Release */,
			);
			defaultConfigurationIsVisible = 0;
			defaultConfigurationName = Release;
		};
/* End XCConfigurationList section */
	};
	rootObject = 458263C6284408FE0074A9D8 /* Project object */;
}
